
Microsoft Visual Studio Solution File, Format Version 12.00
# Visual Studio Version 16
VisualStudioVersion = 16.0.30621.155
MinimumVisualStudioVersion = 10.0.40219.1
Project("{FAE04EC0-301F-11D3-BF4B-00C04F79EFBC}") = "UWPDllinjector", "UWPDllinjector\UWPDllinjector.csproj", "{84F6B1EE-92B1-4047-BD40-E2E3CF656C00}"
EndProject
Global
	GlobalSection(SolutionConfigurationPlatforms) = preSolution
		Debug|Any CPU = Debug|Any CPU
		Release|Any CPU = Release|Any CPU
	EndGlobalSection
	GlobalSection(ProjectConfigurationPlatforms) = postSolution
		{84F6B1EE-92B1-4047-BD40-E2E3CF656C00}.Debug|Any CPU.ActiveCfg = Debug|Any CPU
		{84F6B1EE-92B1-4047-BD40-E2E3CF656C00}.Debug|Any CPU.Build.0 = Debug|Any CPU
		{84F6B1EE-92B1-4047-BD40-E2E3CF656C00}.Release|Any CPU.ActiveCfg = Release|Any CPU
		{84F6B1EE-92B1-4047-BD40-E2E3CF656C00}.Release|Any CPU.Build.0 = Release|Any CPU
	EndGlobalSection
	GlobalSection(SolutionProperties) = preSolution
		HideSolutionNode = FALSE
	EndGlobalSection
	GlobalSection(ExtensibilityGlobals) = postSolution
		SolutionGuid = {0BA24DA2-940F-43B4-8136-306695B9A515}
	EndGlobalSection
EndGlobal
